
Microsoft Visual Studio Solution File, Format Version 12.00
# Visual Studio 14
VisualStudioVersion = 14.0.23107.0
MinimumVisualStudioVersion = 10.0.40219.1
Project("{2150E333-8FDC-42A3-9474-1A3956D46DE8}") = "User Interface", "User Interface", "{5E837C0E-EC89-46EC-8734-8591AC041A8C}"
EndProject
Project("{2150E333-8FDC-42A3-9474-1A3956D46DE8}") = "WPF", "WPF", "{FF743A0C-0B9F-4956-B044-7FBF8F158000}"
EndProject
Project("{FAE04EC0-301F-11D3-BF4B-00C04F79EFBC}") = "CODE.Framework.Wpf.Mvvm", "CODE.Framework.Wpf.Mvvm\CODE.Framework.Wpf.Mvvm.csproj", "{F0FBB452-A6BF-4DFB-8EAB-6DBD9BBDBEF0}"
EndProject
Project("{FAE04EC0-301F-11D3-BF4B-00C04F79EFBC}") = "_SharedFiles", "_SharedFiles\_SharedFiles.csproj", "{E300E6B8-4289-4914-9DC8-99F45D62CB33}"
EndProject
Project("{2150E333-8FDC-42A3-9474-1A3956D46DE8}") = "Fundamentals", "Fundamentals", "{21434496-165D-4AA1-8D25-CF53D9E64CBD}"
EndProject
Project("{FAE04EC0-301F-11D3-BF4B-00C04F79EFBC}") = "CODE.Framework.Core", "CODE.Framework.Core\CODE.Framework.Core.csproj", "{B5C5D3E2-79DB-4839-8375-C0D1B5D832C8}"
EndProject
Project("{2150E333-8FDC-42A3-9474-1A3956D46DE8}") = "Build Infrastructure", "Build Infrastructure", "{C7398A3E-014A-4B1F-9400-4B870AC1D117}"
EndProject
Project("{FAE04EC0-301F-11D3-BF4B-00C04F79EFBC}") = "BuildPackager", "BuildPackager\BuildPackager.csproj", "{045E4947-3E06-4CED-B8DB-A8F503D57295}"
	ProjectSection(ProjectDependencies) = postProject
		{EBAB101C-8E38-454B-893C-83DD79197FFD} = {EBAB101C-8E38-454B-893C-83DD79197FFD}
		{21D3883D-ED9F-46DD-AA51-14B5309D6533} = {21D3883D-ED9F-46DD-AA51-14B5309D6533}
		{F0FBB452-A6BF-4DFB-8EAB-6DBD9BBDBEF0} = {F0FBB452-A6BF-4DFB-8EAB-6DBD9BBDBEF0}
		{F59CD359-CF85-42AC-A05E-4419C185098C} = {F59CD359-CF85-42AC-A05E-4419C185098C}
		{049507B3-C1DE-4F0A-A4C8-72ADD78FDCE9} = {049507B3-C1DE-4F0A-A4C8-72ADD78FDCE9}
		{52044FE1-233E-45DF-9548-468F79110AA0} = {52044FE1-233E-45DF-9548-468F79110AA0}
		{B5C5D3E2-79DB-4839-8375-C0D1B5D832C8} = {B5C5D3E2-79DB-4839-8375-C0D1B5D832C8}
		{EA8889FB-3385-4092-B027-8702FBD93039} = {EA8889FB-3385-4092-B027-8702FBD93039}
		{BA915BFD-1786-4BBB-A9D9-13F7F248BE84} = {BA915BFD-1786-4BBB-A9D9-13F7F248BE84}
	EndProjectSection
EndProject
Project("{FAE04EC0-301F-11D3-BF4B-00C04F79EFBC}") = "CODE.Framework.Core.Utilities", "CODE.Framework.Core.Utilities\CODE.Framework.Core.Utilities.csproj", "{049507B3-C1DE-4F0A-A4C8-72ADD78FDCE9}"
EndProject
Project("{FAE04EC0-301F-11D3-BF4B-00C04F79EFBC}") = "CODE.Framework.Wpf.TestBench", "CODE.Framework.Wpf.TestBench\CODE.Framework.Wpf.TestBench.csproj", "{EA11FA36-C1D6-417F-8CFF-B248944539FA}"
EndProject
Project("{FAE04EC0-301F-11D3-BF4B-00C04F79EFBC}") = "CODE.Framework.Wpf.Theme.Metro", "CODE.Framework.Wpf.Theme.Metro\CODE.Framework.Wpf.Theme.Metro.csproj", "{52044FE1-233E-45DF-9548-468F79110AA0}"
EndProject
Project("{FAE04EC0-301F-11D3-BF4B-00C04F79EFBC}") = "CODE.Framework.Wpf", "CODE.Framework.Wpf\CODE.Framework.Wpf.csproj", "{21D3883D-ED9F-46DD-AA51-14B5309D6533}"
EndProject
Project("{FAE04EC0-301F-11D3-BF4B-00C04F79EFBC}") = "CODE.Framework.Wpf.Theme.Battleship", "CODE.Framework.Wpf.Theme.Battleship\CODE.Framework.Wpf.Theme.Battleship.csproj", "{F59CD359-CF85-42AC-A05E-4419C185098C}"
EndProject
Project("{2150E333-8FDC-42A3-9474-1A3956D46DE8}") = "Services", "Services", "{D82E1571-6AA8-482A-BFDB-47EDD0786DC8}"
EndProject
Project("{FAE04EC0-301F-11D3-BF4B-00C04F79EFBC}") = "CODE.Framework.Services.Client", "CODE.Framework.Services.Client\CODE.Framework.Services.Client.csproj", "{EBAB101C-8E38-454B-893C-83DD79197FFD}"
EndProject
Project("{FAE04EC0-301F-11D3-BF4B-00C04F79EFBC}") = "CODE.Framework.Services.Server", "CODE.Framework.Services.Server\CODE.Framework.Services.Server.csproj", "{BA915BFD-1786-4BBB-A9D9-13F7F248BE84}"
EndProject
Project("{FAE04EC0-301F-11D3-BF4B-00C04F79EFBC}") = "CODE.Framework.Services.Tools", "CODE.Framework.Services.Tools\CODE.Framework.Services.Tools.csproj", "{EA8889FB-3385-4092-B027-8702FBD93039}"
EndProject
Project("{FAE04EC0-301F-11D3-BF4B-00C04F79EFBC}") = "CODE.Framework.Wpf.Documents", "CODE.Framework.Wpf.Documents\CODE.Framework.Wpf.Documents.csproj", "{7214EBB7-E439-4F4B-BA04-854910A6687A}"
EndProject
Project("{FAE04EC0-301F-11D3-BF4B-00C04F79EFBC}") = "CODE.Framework.Wpf.Theme.Workplace", "CODE.Framework.Wpf.Theme.Workplace\CODE.Framework.Wpf.Theme.Workplace.csproj", "{9F54B124-C4CD-4D34-8308-E62A87785B69}"
EndProject
Project("{FAE04EC0-301F-11D3-BF4B-00C04F79EFBC}") = "CODE.Framework.Wpf.Theme.Vapor", "CODE.Framework.Wpf.Theme.Vapor\CODE.Framework.Wpf.Theme.Vapor.csproj", "{DBD7B756-0AEB-4E71-8B9A-3536C70F3BCA}"
EndProject
Project("{FAE04EC0-301F-11D3-BF4B-00C04F79EFBC}") = "CODE.Framework.Wpf.Theme.Geek", "CODE.Framework.Wpf.Theme.Geek\CODE.Framework.Wpf.Theme.Geek.csproj", "{0F965CEA-37F5-4E07-9639-C0415A8A8A3C}"
EndProject
Project("{FAE04EC0-301F-11D3-BF4B-00C04F79EFBC}") = "CODE.Framework.Wpf.Theme.Wildcat", "CODE.Framework.Wpf.Theme.Wildcat\CODE.Framework.Wpf.Theme.Wildcat.csproj", "{78EF2A78-5FDE-4B33-90FD-9C9EA3B1FA55}"
EndProject
Project("{FAE04EC0-301F-11D3-BF4B-00C04F79EFBC}") = "CODE.Framework.Services.Contracts", "CODE.Framework.Services.Contracts\CODE.Framework.Services.Contracts.csproj", "{E60C861C-70EA-42B2-AA6E-49A9FF63388F}"
EndProject
Project("{FAE04EC0-301F-11D3-BF4B-00C04F79EFBC}") = "CODE.Framework.Services.Server.WebApi", "CODE.Framework.Services.Server.WebApi\CODE.Framework.Services.Server.WebApi.csproj", "{DC02867D-1518-4402-8197-BE37B3AD9876}"
EndProject
Project("{FAE04EC0-301F-11D3-BF4B-00C04F79EFBC}") = "CODE.Framework.Wpf.Theme.Newsroom", "CODE.Framework.Wpf.Theme.Newsroom\CODE.Framework.Wpf.Theme.Newsroom.csproj", "{5D510847-913E-4529-8ABD-37787619C5BF}"
EndProject
Project("{FAE04EC0-301F-11D3-BF4B-00C04F79EFBC}") = "CODE.Framework.Wpf.Theme.Universe", "CODE.Framework.Wpf.Theme.Universe\CODE.Framework.Wpf.Theme.Universe.csproj", "{16139894-A035-4AA8-AAA1-8174ADC293DA}"
EndProject
Global
	GlobalSection(SolutionConfigurationPlatforms) = preSolution
		Debug|Any CPU = Debug|Any CPU
		Debug|Mixed Platforms = Debug|Mixed Platforms
		Debug|x86 = Debug|x86
		Release|Any CPU = Release|Any CPU
		Release|Mixed Platforms = Release|Mixed Platforms
		Release|x86 = Release|x86
	EndGlobalSection
	GlobalSection(ProjectConfigurationPlatforms) = postSolution
		{F0FBB452-A6BF-4DFB-8EAB-6DBD9BBDBEF0}.Debug|Any CPU.ActiveCfg = Debug|Any CPU
		{F0FBB452-A6BF-4DFB-8EAB-6DBD9BBDBEF0}.Debug|Any CPU.Build.0 = Debug|Any CPU
		{F0FBB452-A6BF-4DFB-8EAB-6DBD9BBDBEF0}.Debug|Mixed Platforms.ActiveCfg = Debug|Any CPU
		{F0FBB452-A6BF-4DFB-8EAB-6DBD9BBDBEF0}.Debug|Mixed Platforms.Build.0 = Debug|Any CPU
		{F0FBB452-A6BF-4DFB-8EAB-6DBD9BBDBEF0}.Debug|x86.ActiveCfg = Debug|Any CPU
		{F0FBB452-A6BF-4DFB-8EAB-6DBD9BBDBEF0}.Release|Any CPU.ActiveCfg = Release|Any CPU
		{F0FBB452-A6BF-4DFB-8EAB-6DBD9BBDBEF0}.Release|Any CPU.Build.0 = Release|Any CPU
		{F0FBB452-A6BF-4DFB-8EAB-6DBD9BBDBEF0}.Release|Mixed Platforms.ActiveCfg = Release|Any CPU
		{F0FBB452-A6BF-4DFB-8EAB-6DBD9BBDBEF0}.Release|Mixed Platforms.Build.0 = Release|Any CPU
		{F0FBB452-A6BF-4DFB-8EAB-6DBD9BBDBEF0}.Release|x86.ActiveCfg = Release|Any CPU
		{E300E6B8-4289-4914-9DC8-99F45D62CB33}.Debug|Any CPU.ActiveCfg = Debug|Any CPU
		{E300E6B8-4289-4914-9DC8-99F45D62CB33}.Debug|Mixed Platforms.ActiveCfg = Debug|Any CPU
		{E300E6B8-4289-4914-9DC8-99F45D62CB33}.Debug|Mixed Platforms.Build.0 = Debug|Any CPU
		{E300E6B8-4289-4914-9DC8-99F45D62CB33}.Debug|x86.ActiveCfg = Debug|Any CPU
		{E300E6B8-4289-4914-9DC8-99F45D62CB33}.Release|Any CPU.ActiveCfg = Release|Any CPU
		{E300E6B8-4289-4914-9DC8-99F45D62CB33}.Release|Mixed Platforms.ActiveCfg = Release|Any CPU
		{E300E6B8-4289-4914-9DC8-99F45D62CB33}.Release|Mixed Platforms.Build.0 = Release|Any CPU
		{E300E6B8-4289-4914-9DC8-99F45D62CB33}.Release|x86.ActiveCfg = Release|Any CPU
		{B5C5D3E2-79DB-4839-8375-C0D1B5D832C8}.Debug|Any CPU.ActiveCfg = Debug|Any CPU
		{B5C5D3E2-79DB-4839-8375-C0D1B5D832C8}.Debug|Any CPU.Build.0 = Debug|Any CPU
		{B5C5D3E2-79DB-4839-8375-C0D1B5D832C8}.Debug|Mixed Platforms.ActiveCfg = Debug|Any CPU
		{B5C5D3E2-79DB-4839-8375-C0D1B5D832C8}.Debug|Mixed Platforms.Build.0 = Debug|Any CPU
		{B5C5D3E2-79DB-4839-8375-C0D1B5D832C8}.Debug|x86.ActiveCfg = Debug|Any CPU
		{B5C5D3E2-79DB-4839-8375-C0D1B5D832C8}.Release|Any CPU.ActiveCfg = Release|Any CPU
		{B5C5D3E2-79DB-4839-8375-C0D1B5D832C8}.Release|Any CPU.Build.0 = Release|Any CPU
		{B5C5D3E2-79DB-4839-8375-C0D1B5D832C8}.Release|Mixed Platforms.ActiveCfg = Release|Any CPU
		{B5C5D3E2-79DB-4839-8375-C0D1B5D832C8}.Release|Mixed Platforms.Build.0 = Release|Any CPU
		{B5C5D3E2-79DB-4839-8375-C0D1B5D832C8}.Release|x86.ActiveCfg = Release|Any CPU
		{045E4947-3E06-4CED-B8DB-A8F503D57295}.Debug|Any CPU.ActiveCfg = Debug|Any CPU
		{045E4947-3E06-4CED-B8DB-A8F503D57295}.Debug|Any CPU.Build.0 = Debug|Any CPU
		{045E4947-3E06-4CED-B8DB-A8F503D57295}.Debug|Mixed Platforms.ActiveCfg = Debug|x86
		{045E4947-3E06-4CED-B8DB-A8F503D57295}.Debug|Mixed Platforms.Build.0 = Debug|x86
		{045E4947-3E06-4CED-B8DB-A8F503D57295}.Debug|x86.ActiveCfg = Debug|x86
		{045E4947-3E06-4CED-B8DB-A8F503D57295}.Debug|x86.Build.0 = Debug|x86
		{045E4947-3E06-4CED-B8DB-A8F503D57295}.Release|Any CPU.ActiveCfg = Release|Any CPU
		{045E4947-3E06-4CED-B8DB-A8F503D57295}.Release|Any CPU.Build.0 = Release|Any CPU
		{045E4947-3E06-4CED-B8DB-A8F503D57295}.Release|Mixed Platforms.ActiveCfg = Release|x86
		{045E4947-3E06-4CED-B8DB-A8F503D57295}.Release|Mixed Platforms.Build.0 = Release|x86
		{045E4947-3E06-4CED-B8DB-A8F503D57295}.Release|x86.ActiveCfg = Release|x86
		{045E4947-3E06-4CED-B8DB-A8F503D57295}.Release|x86.Build.0 = Release|x86
		{049507B3-C1DE-4F0A-A4C8-72ADD78FDCE9}.Debug|Any CPU.ActiveCfg = Debug|Any CPU
		{049507B3-C1DE-4F0A-A4C8-72ADD78FDCE9}.Debug|Any CPU.Build.0 = Debug|Any CPU
		{049507B3-C1DE-4F0A-A4C8-72ADD78FDCE9}.Debug|Mixed Platforms.ActiveCfg = Debug|Any CPU
		{049507B3-C1DE-4F0A-A4C8-72ADD78FDCE9}.Debug|Mixed Platforms.Build.0 = Debug|Any CPU
		{049507B3-C1DE-4F0A-A4C8-72ADD78FDCE9}.Debug|x86.ActiveCfg = Debug|Any CPU
		{049507B3-C1DE-4F0A-A4C8-72ADD78FDCE9}.Release|Any CPU.ActiveCfg = Release|Any CPU
		{049507B3-C1DE-4F0A-A4C8-72ADD78FDCE9}.Release|Any CPU.Build.0 = Release|Any CPU
		{049507B3-C1DE-4F0A-A4C8-72ADD78FDCE9}.Release|Mixed Platforms.ActiveCfg = Release|Any CPU
		{049507B3-C1DE-4F0A-A4C8-72ADD78FDCE9}.Release|Mixed Platforms.Build.0 = Release|Any CPU
		{049507B3-C1DE-4F0A-A4C8-72ADD78FDCE9}.Release|x86.ActiveCfg = Release|Any CPU
		{EA11FA36-C1D6-417F-8CFF-B248944539FA}.Debug|Any CPU.ActiveCfg = Debug|x86
		{EA11FA36-C1D6-417F-8CFF-B248944539FA}.Debug|Mixed Platforms.ActiveCfg = Debug|x86
		{EA11FA36-C1D6-417F-8CFF-B248944539FA}.Debug|Mixed Platforms.Build.0 = Debug|x86
		{EA11FA36-C1D6-417F-8CFF-B248944539FA}.Debug|x86.ActiveCfg = Debug|x86
		{EA11FA36-C1D6-417F-8CFF-B248944539FA}.Debug|x86.Build.0 = Debug|x86
		{EA11FA36-C1D6-417F-8CFF-B248944539FA}.Release|Any CPU.ActiveCfg = Release|x86
		{EA11FA36-C1D6-417F-8CFF-B248944539FA}.Release|Mixed Platforms.ActiveCfg = Release|x86
		{EA11FA36-C1D6-417F-8CFF-B248944539FA}.Release|Mixed Platforms.Build.0 = Release|x86
		{EA11FA36-C1D6-417F-8CFF-B248944539FA}.Release|x86.ActiveCfg = Release|x86
		{EA11FA36-C1D6-417F-8CFF-B248944539FA}.Release|x86.Build.0 = Release|x86
		{52044FE1-233E-45DF-9548-468F79110AA0}.Debug|Any CPU.ActiveCfg = Debug|Any CPU
		{52044FE1-233E-45DF-9548-468F79110AA0}.Debug|Any CPU.Build.0 = Debug|Any CPU
		{52044FE1-233E-45DF-9548-468F79110AA0}.Debug|Mixed Platforms.ActiveCfg = Debug|Any CPU
		{52044FE1-233E-45DF-9548-468F79110AA0}.Debug|Mixed Platforms.Build.0 = Debug|Any CPU
		{52044FE1-233E-45DF-9548-468F79110AA0}.Debug|x86.ActiveCfg = Debug|Any CPU
		{52044FE1-233E-45DF-9548-468F79110AA0}.Release|Any CPU.ActiveCfg = Release|Any CPU
		{52044FE1-233E-45DF-9548-468F79110AA0}.Release|Any CPU.Build.0 = Release|Any CPU
		{52044FE1-233E-45DF-9548-468F79110AA0}.Release|Mixed Platforms.ActiveCfg = Release|Any CPU
		{52044FE1-233E-45DF-9548-468F79110AA0}.Release|Mixed Platforms.Build.0 = Release|Any CPU
		{52044FE1-233E-45DF-9548-468F79110AA0}.Release|x86.ActiveCfg = Release|Any CPU
		{21D3883D-ED9F-46DD-AA51-14B5309D6533}.Debug|Any CPU.ActiveCfg = Debug|Any CPU
		{21D3883D-ED9F-46DD-AA51-14B5309D6533}.Debug|Any CPU.Build.0 = Debug|Any CPU
		{21D3883D-ED9F-46DD-AA51-14B5309D6533}.Debug|Mixed Platforms.ActiveCfg = Debug|Any CPU
		{21D3883D-ED9F-46DD-AA51-14B5309D6533}.Debug|Mixed Platforms.Build.0 = Debug|Any CPU
		{21D3883D-ED9F-46DD-AA51-14B5309D6533}.Debug|x86.ActiveCfg = Debug|Any CPU
		{21D3883D-ED9F-46DD-AA51-14B5309D6533}.Release|Any CPU.ActiveCfg = Release|Any CPU
		{21D3883D-ED9F-46DD-AA51-14B5309D6533}.Release|Any CPU.Build.0 = Release|Any CPU
		{21D3883D-ED9F-46DD-AA51-14B5309D6533}.Release|Mixed Platforms.ActiveCfg = Release|Any CPU
		{21D3883D-ED9F-46DD-AA51-14B5309D6533}.Release|Mixed Platforms.Build.0 = Release|Any CPU
		{21D3883D-ED9F-46DD-AA51-14B5309D6533}.Release|x86.ActiveCfg = Release|Any CPU
		{F59CD359-CF85-42AC-A05E-4419C185098C}.Debug|Any CPU.ActiveCfg = Debug|Any CPU
		{F59CD359-CF85-42AC-A05E-4419C185098C}.Debug|Any CPU.Build.0 = Debug|Any CPU
		{F59CD359-CF85-42AC-A05E-4419C185098C}.Debug|Mixed Platforms.ActiveCfg = Debug|Any CPU
		{F59CD359-CF85-42AC-A05E-4419C185098C}.Debug|Mixed Platforms.Build.0 = Debug|Any CPU
		{F59CD359-CF85-42AC-A05E-4419C185098C}.Debug|x86.ActiveCfg = Debug|Any CPU
		{F59CD359-CF85-42AC-A05E-4419C185098C}.Release|Any CPU.ActiveCfg = Release|Any CPU
		{F59CD359-CF85-42AC-A05E-4419C185098C}.Release|Any CPU.Build.0 = Release|Any CPU
		{F59CD359-CF85-42AC-A05E-4419C185098C}.Release|Mixed Platforms.ActiveCfg = Release|Any CPU
		{F59CD359-CF85-42AC-A05E-4419C185098C}.Release|Mixed Platforms.Build.0 = Release|Any CPU
		{F59CD359-CF85-42AC-A05E-4419C185098C}.Release|x86.ActiveCfg = Release|Any CPU
		{EBAB101C-8E38-454B-893C-83DD79197FFD}.Debug|Any CPU.ActiveCfg = Debug|Any CPU
		{EBAB101C-8E38-454B-893C-83DD79197FFD}.Debug|Any CPU.Build.0 = Debug|Any CPU
		{EBAB101C-8E38-454B-893C-83DD79197FFD}.Debug|Mixed Platforms.ActiveCfg = Debug|Any CPU
		{EBAB101C-8E38-454B-893C-83DD79197FFD}.Debug|Mixed Platforms.Build.0 = Debug|Any CPU
		{EBAB101C-8E38-454B-893C-83DD79197FFD}.Debug|x86.ActiveCfg = Debug|Any CPU
		{EBAB101C-8E38-454B-893C-83DD79197FFD}.Release|Any CPU.ActiveCfg = Release|Any CPU
		{EBAB101C-8E38-454B-893C-83DD79197FFD}.Release|Any CPU.Build.0 = Release|Any CPU
		{EBAB101C-8E38-454B-893C-83DD79197FFD}.Release|Mixed Platforms.ActiveCfg = Release|Any CPU
		{EBAB101C-8E38-454B-893C-83DD79197FFD}.Release|Mixed Platforms.Build.0 = Release|Any CPU
		{EBAB101C-8E38-454B-893C-83DD79197FFD}.Release|x86.ActiveCfg = Release|Any CPU
		{BA915BFD-1786-4BBB-A9D9-13F7F248BE84}.Debug|Any CPU.ActiveCfg = Debug|Any CPU
		{BA915BFD-1786-4BBB-A9D9-13F7F248BE84}.Debug|Any CPU.Build.0 = Debug|Any CPU
		{BA915BFD-1786-4BBB-A9D9-13F7F248BE84}.Debug|Mixed Platforms.ActiveCfg = Debug|Any CPU
		{BA915BFD-1786-4BBB-A9D9-13F7F248BE84}.Debug|Mixed Platforms.Build.0 = Debug|Any CPU
		{BA915BFD-1786-4BBB-A9D9-13F7F248BE84}.Debug|x86.ActiveCfg = Debug|Any CPU
		{BA915BFD-1786-4BBB-A9D9-13F7F248BE84}.Release|Any CPU.ActiveCfg = Release|Any CPU
		{BA915BFD-1786-4BBB-A9D9-13F7F248BE84}.Release|Any CPU.Build.0 = Release|Any CPU
		{BA915BFD-1786-4BBB-A9D9-13F7F248BE84}.Release|Mixed Platforms.ActiveCfg = Release|Any CPU
		{BA915BFD-1786-4BBB-A9D9-13F7F248BE84}.Release|Mixed Platforms.Build.0 = Release|Any CPU
		{BA915BFD-1786-4BBB-A9D9-13F7F248BE84}.Release|x86.ActiveCfg = Release|Any CPU
		{EA8889FB-3385-4092-B027-8702FBD93039}.Debug|Any CPU.ActiveCfg = Debug|Any CPU
		{EA8889FB-3385-4092-B027-8702FBD93039}.Debug|Any CPU.Build.0 = Debug|Any CPU
		{EA8889FB-3385-4092-B027-8702FBD93039}.Debug|Mixed Platforms.ActiveCfg = Debug|Any CPU
		{EA8889FB-3385-4092-B027-8702FBD93039}.Debug|Mixed Platforms.Build.0 = Debug|Any CPU
		{EA8889FB-3385-4092-B027-8702FBD93039}.Debug|x86.ActiveCfg = Debug|Any CPU
		{EA8889FB-3385-4092-B027-8702FBD93039}.Release|Any CPU.ActiveCfg = Release|Any CPU
		{EA8889FB-3385-4092-B027-8702FBD93039}.Release|Any CPU.Build.0 = Release|Any CPU
		{EA8889FB-3385-4092-B027-8702FBD93039}.Release|Mixed Platforms.ActiveCfg = Release|Any CPU
		{EA8889FB-3385-4092-B027-8702FBD93039}.Release|Mixed Platforms.Build.0 = Release|Any CPU
		{EA8889FB-3385-4092-B027-8702FBD93039}.Release|x86.ActiveCfg = Release|Any CPU
		{7214EBB7-E439-4F4B-BA04-854910A6687A}.Debug|Any CPU.ActiveCfg = Debug|Any CPU
		{7214EBB7-E439-4F4B-BA04-854910A6687A}.Debug|Any CPU.Build.0 = Debug|Any CPU
		{7214EBB7-E439-4F4B-BA04-854910A6687A}.Debug|Mixed Platforms.ActiveCfg = Debug|Any CPU
		{7214EBB7-E439-4F4B-BA04-854910A6687A}.Debug|Mixed Platforms.Build.0 = Debug|Any CPU
		{7214EBB7-E439-4F4B-BA04-854910A6687A}.Debug|x86.ActiveCfg = Debug|Any CPU
		{7214EBB7-E439-4F4B-BA04-854910A6687A}.Release|Any CPU.ActiveCfg = Release|Any CPU
		{7214EBB7-E439-4F4B-BA04-854910A6687A}.Release|Any CPU.Build.0 = Release|Any CPU
		{7214EBB7-E439-4F4B-BA04-854910A6687A}.Release|Mixed Platforms.ActiveCfg = Release|Any CPU
		{7214EBB7-E439-4F4B-BA04-854910A6687A}.Release|Mixed Platforms.Build.0 = Release|Any CPU
		{7214EBB7-E439-4F4B-BA04-854910A6687A}.Release|x86.ActiveCfg = Release|Any CPU
		{9F54B124-C4CD-4D34-8308-E62A87785B69}.Debug|Any CPU.ActiveCfg = Debug|Any CPU
		{9F54B124-C4CD-4D34-8308-E62A87785B69}.Debug|Any CPU.Build.0 = Debug|Any CPU
		{9F54B124-C4CD-4D34-8308-E62A87785B69}.Debug|Mixed Platforms.ActiveCfg = Debug|Any CPU
		{9F54B124-C4CD-4D34-8308-E62A87785B69}.Debug|Mixed Platforms.Build.0 = Debug|Any CPU
		{9F54B124-C4CD-4D34-8308-E62A87785B69}.Debug|x86.ActiveCfg = Debug|Any CPU
		{9F54B124-C4CD-4D34-8308-E62A87785B69}.Release|Any CPU.ActiveCfg = Release|Any CPU
		{9F54B124-C4CD-4D34-8308-E62A87785B69}.Release|Any CPU.Build.0 = Release|Any CPU
		{9F54B124-C4CD-4D34-8308-E62A87785B69}.Release|Mixed Platforms.ActiveCfg = Release|Any CPU
		{9F54B124-C4CD-4D34-8308-E62A87785B69}.Release|Mixed Platforms.Build.0 = Release|Any CPU
		{9F54B124-C4CD-4D34-8308-E62A87785B69}.Release|x86.ActiveCfg = Release|Any CPU
		{DBD7B756-0AEB-4E71-8B9A-3536C70F3BCA}.Debug|Any CPU.ActiveCfg = Debug|Any CPU
		{DBD7B756-0AEB-4E71-8B9A-3536C70F3BCA}.Debug|Any CPU.Build.0 = Debug|Any CPU
		{DBD7B756-0AEB-4E71-8B9A-3536C70F3BCA}.Debug|Mixed Platforms.ActiveCfg = Debug|Any CPU
		{DBD7B756-0AEB-4E71-8B9A-3536C70F3BCA}.Debug|Mixed Platforms.Build.0 = Debug|Any CPU
		{DBD7B756-0AEB-4E71-8B9A-3536C70F3BCA}.Debug|x86.ActiveCfg = Debug|Any CPU
		{DBD7B756-0AEB-4E71-8B9A-3536C70F3BCA}.Release|Any CPU.ActiveCfg = Release|Any CPU
		{DBD7B756-0AEB-4E71-8B9A-3536C70F3BCA}.Release|Any CPU.Build.0 = Release|Any CPU
		{DBD7B756-0AEB-4E71-8B9A-3536C70F3BCA}.Release|Mixed Platforms.ActiveCfg = Release|Any CPU
		{DBD7B756-0AEB-4E71-8B9A-3536C70F3BCA}.Release|Mixed Platforms.Build.0 = Release|Any CPU
		{DBD7B756-0AEB-4E71-8B9A-3536C70F3BCA}.Release|x86.ActiveCfg = Release|Any CPU
		{0F965CEA-37F5-4E07-9639-C0415A8A8A3C}.Debug|Any CPU.ActiveCfg = Debug|Any CPU
		{0F965CEA-37F5-4E07-9639-C0415A8A8A3C}.Debug|Any CPU.Build.0 = Debug|Any CPU
		{0F965CEA-37F5-4E07-9639-C0415A8A8A3C}.Debug|Mixed Platforms.ActiveCfg = Debug|Any CPU
		{0F965CEA-37F5-4E07-9639-C0415A8A8A3C}.Debug|Mixed Platforms.Build.0 = Debug|Any CPU
		{0F965CEA-37F5-4E07-9639-C0415A8A8A3C}.Debug|x86.ActiveCfg = Debug|Any CPU
		{0F965CEA-37F5-4E07-9639-C0415A8A8A3C}.Release|Any CPU.ActiveCfg = Release|Any CPU
		{0F965CEA-37F5-4E07-9639-C0415A8A8A3C}.Release|Any CPU.Build.0 = Release|Any CPU
		{0F965CEA-37F5-4E07-9639-C0415A8A8A3C}.Release|Mixed Platforms.ActiveCfg = Release|Any CPU
		{0F965CEA-37F5-4E07-9639-C0415A8A8A3C}.Release|Mixed Platforms.Build.0 = Release|Any CPU
		{0F965CEA-37F5-4E07-9639-C0415A8A8A3C}.Release|x86.ActiveCfg = Release|Any CPU
		{78EF2A78-5FDE-4B33-90FD-9C9EA3B1FA55}.Debug|Any CPU.ActiveCfg = Debug|Any CPU
		{78EF2A78-5FDE-4B33-90FD-9C9EA3B1FA55}.Debug|Any CPU.Build.0 = Debug|Any CPU
		{78EF2A78-5FDE-4B33-90FD-9C9EA3B1FA55}.Debug|Mixed Platforms.ActiveCfg = Debug|Any CPU
		{78EF2A78-5FDE-4B33-90FD-9C9EA3B1FA55}.Debug|Mixed Platforms.Build.0 = Debug|Any CPU
		{78EF2A78-5FDE-4B33-90FD-9C9EA3B1FA55}.Debug|x86.ActiveCfg = Debug|Any CPU
		{78EF2A78-5FDE-4B33-90FD-9C9EA3B1FA55}.Release|Any CPU.ActiveCfg = Release|Any CPU
		{78EF2A78-5FDE-4B33-90FD-9C9EA3B1FA55}.Release|Any CPU.Build.0 = Release|Any CPU
		{78EF2A78-5FDE-4B33-90FD-9C9EA3B1FA55}.Release|Mixed Platforms.ActiveCfg = Release|Any CPU
		{78EF2A78-5FDE-4B33-90FD-9C9EA3B1FA55}.Release|Mixed Platforms.Build.0 = Release|Any CPU
		{78EF2A78-5FDE-4B33-90FD-9C9EA3B1FA55}.Release|x86.ActiveCfg = Release|Any CPU
		{E60C861C-70EA-42B2-AA6E-49A9FF63388F}.Debug|Any CPU.ActiveCfg = Debug|Any CPU
		{E60C861C-70EA-42B2-AA6E-49A9FF63388F}.Debug|Any CPU.Build.0 = Debug|Any CPU
		{E60C861C-70EA-42B2-AA6E-49A9FF63388F}.Debug|Mixed Platforms.ActiveCfg = Debug|Any CPU
		{E60C861C-70EA-42B2-AA6E-49A9FF63388F}.Debug|Mixed Platforms.Build.0 = Debug|Any CPU
		{E60C861C-70EA-42B2-AA6E-49A9FF63388F}.Debug|x86.ActiveCfg = Debug|Any CPU
		{E60C861C-70EA-42B2-AA6E-49A9FF63388F}.Release|Any CPU.ActiveCfg = Release|Any CPU
		{E60C861C-70EA-42B2-AA6E-49A9FF63388F}.Release|Any CPU.Build.0 = Release|Any CPU
		{E60C861C-70EA-42B2-AA6E-49A9FF63388F}.Release|Mixed Platforms.ActiveCfg = Release|Any CPU
		{E60C861C-70EA-42B2-AA6E-49A9FF63388F}.Release|Mixed Platforms.Build.0 = Release|Any CPU
		{E60C861C-70EA-42B2-AA6E-49A9FF63388F}.Release|x86.ActiveCfg = Release|Any CPU
		{DC02867D-1518-4402-8197-BE37B3AD9876}.Debug|Any CPU.ActiveCfg = Debug|Any CPU
		{DC02867D-1518-4402-8197-BE37B3AD9876}.Debug|Any CPU.Build.0 = Debug|Any CPU
		{DC02867D-1518-4402-8197-BE37B3AD9876}.Debug|Mixed Platforms.ActiveCfg = Debug|Any CPU
		{DC02867D-1518-4402-8197-BE37B3AD9876}.Debug|Mixed Platforms.Build.0 = Debug|Any CPU
		{DC02867D-1518-4402-8197-BE37B3AD9876}.Debug|x86.ActiveCfg = Debug|Any CPU
		{DC02867D-1518-4402-8197-BE37B3AD9876}.Release|Any CPU.ActiveCfg = Release|Any CPU
		{DC02867D-1518-4402-8197-BE37B3AD9876}.Release|Any CPU.Build.0 = Release|Any CPU
		{DC02867D-1518-4402-8197-BE37B3AD9876}.Release|Mixed Platforms.ActiveCfg = Release|Any CPU
		{DC02867D-1518-4402-8197-BE37B3AD9876}.Release|Mixed Platforms.Build.0 = Release|Any CPU
		{DC02867D-1518-4402-8197-BE37B3AD9876}.Release|x86.ActiveCfg = Release|Any CPU
		{5D510847-913E-4529-8ABD-37787619C5BF}.Debug|Any CPU.ActiveCfg = Debug|Any CPU
		{5D510847-913E-4529-8ABD-37787619C5BF}.Debug|Any CPU.Build.0 = Debug|Any CPU
		{5D510847-913E-4529-8ABD-37787619C5BF}.Debug|Mixed Platforms.ActiveCfg = Debug|Any CPU
		{5D510847-913E-4529-8ABD-37787619C5BF}.Debug|Mixed Platforms.Build.0 = Debug|Any CPU
		{5D510847-913E-4529-8ABD-37787619C5BF}.Debug|x86.ActiveCfg = Debug|Any CPU
		{5D510847-913E-4529-8ABD-37787619C5BF}.Release|Any CPU.ActiveCfg = Release|Any CPU
		{5D510847-913E-4529-8ABD-37787619C5BF}.Release|Any CPU.Build.0 = Release|Any CPU
		{5D510847-913E-4529-8ABD-37787619C5BF}.Release|Mixed Platforms.ActiveCfg = Release|Any CPU
		{5D510847-913E-4529-8ABD-37787619C5BF}.Release|Mixed Platforms.Build.0 = Release|Any CPU
		{5D510847-913E-4529-8ABD-37787619C5BF}.Release|x86.ActiveCfg = Release|Any CPU
		{16139894-A035-4AA8-AAA1-8174ADC293DA}.Debug|Any CPU.ActiveCfg = Debug|Any CPU
		{16139894-A035-4AA8-AAA1-8174ADC293DA}.Debug|Any CPU.Build.0 = Debug|Any CPU
		{16139894-A035-4AA8-AAA1-8174ADC293DA}.Debug|Mixed Platforms.ActiveCfg = Debug|Any CPU
		{16139894-A035-4AA8-AAA1-8174ADC293DA}.Debug|Mixed Platforms.Build.0 = Debug|Any CPU
		{16139894-A035-4AA8-AAA1-8174ADC293DA}.Debug|x86.ActiveCfg = Debug|Any CPU
		{16139894-A035-4AA8-AAA1-8174ADC293DA}.Debug|x86.Build.0 = Debug|Any CPU
		{16139894-A035-4AA8-AAA1-8174ADC293DA}.Release|Any CPU.ActiveCfg = Release|Any CPU
		{16139894-A035-4AA8-AAA1-8174ADC293DA}.Release|Any CPU.Build.0 = Release|Any CPU
		{16139894-A035-4AA8-AAA1-8174ADC293DA}.Release|Mixed Platforms.ActiveCfg = Release|Any CPU
		{16139894-A035-4AA8-AAA1-8174ADC293DA}.Release|Mixed Platforms.Build.0 = Release|Any CPU
		{16139894-A035-4AA8-AAA1-8174ADC293DA}.Release|x86.ActiveCfg = Release|Any CPU
		{16139894-A035-4AA8-AAA1-8174ADC293DA}.Release|x86.Build.0 = Release|Any CPU
	EndGlobalSection
	GlobalSection(SolutionProperties) = preSolution
		HideSolutionNode = FALSE
	EndGlobalSection
	GlobalSection(NestedProjects) = preSolution
		{FF743A0C-0B9F-4956-B044-7FBF8F158000} = {5E837C0E-EC89-46EC-8734-8591AC041A8C}
		{F0FBB452-A6BF-4DFB-8EAB-6DBD9BBDBEF0} = {FF743A0C-0B9F-4956-B044-7FBF8F158000}
		{E300E6B8-4289-4914-9DC8-99F45D62CB33} = {C7398A3E-014A-4B1F-9400-4B870AC1D117}
		{B5C5D3E2-79DB-4839-8375-C0D1B5D832C8} = {21434496-165D-4AA1-8D25-CF53D9E64CBD}
		{045E4947-3E06-4CED-B8DB-A8F503D57295} = {C7398A3E-014A-4B1F-9400-4B870AC1D117}
		{049507B3-C1DE-4F0A-A4C8-72ADD78FDCE9} = {21434496-165D-4AA1-8D25-CF53D9E64CBD}
		{EA11FA36-C1D6-417F-8CFF-B248944539FA} = {FF743A0C-0B9F-4956-B044-7FBF8F158000}
		{52044FE1-233E-45DF-9548-468F79110AA0} = {FF743A0C-0B9F-4956-B044-7FBF8F158000}
		{21D3883D-ED9F-46DD-AA51-14B5309D6533} = {FF743A0C-0B9F-4956-B044-7FBF8F158000}
		{F59CD359-CF85-42AC-A05E-4419C185098C} = {FF743A0C-0B9F-4956-B044-7FBF8F158000}
		{EBAB101C-8E38-454B-893C-83DD79197FFD} = {D82E1571-6AA8-482A-BFDB-47EDD0786DC8}
		{BA915BFD-1786-4BBB-A9D9-13F7F248BE84} = {D82E1571-6AA8-482A-BFDB-47EDD0786DC8}
		{EA8889FB-3385-4092-B027-8702FBD93039} = {D82E1571-6AA8-482A-BFDB-47EDD0786DC8}
		{7214EBB7-E439-4F4B-BA04-854910A6687A} = {FF743A0C-0B9F-4956-B044-7FBF8F158000}
		{9F54B124-C4CD-4D34-8308-E62A87785B69} = {FF743A0C-0B9F-4956-B044-7FBF8F158000}
		{DBD7B756-0AEB-4E71-8B9A-3536C70F3BCA} = {FF743A0C-0B9F-4956-B044-7FBF8F158000}
		{0F965CEA-37F5-4E07-9639-C0415A8A8A3C} = {FF743A0C-0B9F-4956-B044-7FBF8F158000}
		{78EF2A78-5FDE-4B33-90FD-9C9EA3B1FA55} = {FF743A0C-0B9F-4956-B044-7FBF8F158000}
		{E60C861C-70EA-42B2-AA6E-49A9FF63388F} = {D82E1571-6AA8-482A-BFDB-47EDD0786DC8}
		{DC02867D-1518-4402-8197-BE37B3AD9876} = {D82E1571-6AA8-482A-BFDB-47EDD0786DC8}
		{5D510847-913E-4529-8ABD-37787619C5BF} = {FF743A0C-0B9F-4956-B044-7FBF8F158000}
		{16139894-A035-4AA8-AAA1-8174ADC293DA} = {FF743A0C-0B9F-4956-B044-7FBF8F158000}
	EndGlobalSection
EndGlobal
